// !$*UTF8*$!
{
	archiveVersion = 1;
	classes = {
	};
	objectVersion = 50;
	objects = {

/* Begin PBXBuildFile section */
		9918467B26FFEEEB0084B6DE /* main.cpp in Sources */ = {isa = PBXBuildFile; fileRef = 9918467A26FFEEEB0084B6DE /* main.cpp */; };
		9918468526FFEF380084B6DE /* complexNumber.cpp in Sources */ = {isa = PBXBuildFile; fileRef = 9918468326FFEF380084B6DE /* complexNumber.cpp */; };
		9918468826FFEF570084B6DE /* complexArray.cpp in Sources */ = {isa = PBXBuildFile; fileRef = 9918468626FFEF570084B6DE /* complexArray.cpp */; };
/* End PBXBuildFile section */

/* Begin PBXCopyFilesBuildPhase section */
		9918467526FFEEEB0084B6DE /* CopyFiles */ = {
			isa = PBXCopyFilesBuildPhase;
			buildActionMask = 2147483647;
			dstPath = /usr/share/man/man1/;
			dstSubfolderSpec = 0;
			files = (
			);
			runOnlyForDeploymentPostprocessing = 1;
		};
/* End PBXCopyFilesBuildPhase section */

/* Begin PBXFileReference section */
		9918467726FFEEEB0084B6DE /* secondComplex */ = {isa = PBXFileReference; explicitFileType = "compiled.mach-o.executable"; includeInIndex = 0; path = secondComplex; sourceTree = BUILT_PRODUCTS_DIR; };
		9918467A26FFEEEB0084B6DE /* main.cpp */ = {isa = PBXFileReference; lastKnownFileType = sourcecode.cpp.cpp; path = main.cpp; sourceTree = "<group>"; };
		9918468326FFEF380084B6DE /* complexNumber.cpp */ = {isa = PBXFileReference; lastKnownFileType = sourcecode.cpp.cpp; path = complexNumber.cpp; sourceTree = "<group>"; };
		9918468426FFEF380084B6DE /* complexNumber.hpp */ = {isa = PBXFileReference; lastKnownFileType = sourcecode.cpp.h; path = complexNumber.hpp; sourceTree = "<group>"; };
		9918468626FFEF570084B6DE /* complexArray.cpp */ = {isa = PBXFileReference; lastKnownFileType = sourcecode.cpp.cpp; path = complexArray.cpp; sourceTree = "<group>"; };
		9918468726FFEF570084B6DE /* complexArray.hpp */ = {isa = PBXFileReference; lastKnownFileType = sourcecode.cpp.h; path = complexArray.hpp; sourceTree = "<group>"; };
/* End PBXFileReference section */

/* Begin PBXFrameworksBuildPhase section */
		9918467426FFEEEB0084B6DE /* Frameworks */ = {
			isa = PBXFrameworksBuildPhase;
			buildActionMask = 2147483647;
			files = (
			);
			runOnlyForDeploymentPostprocessing = 0;
		};
/* End PBXFrameworksBuildPhase section */

/* Begin PBXGroup section */
		9918466E26FFEEEB0084B6DE = {
			isa = PBXGroup;
			children = (
				9918467926FFEEEB0084B6DE /* secondComplex */,
				9918467826FFEEEB0084B6DE /* Products */,
			);
			sourceTree = "<group>";
		};
		9918467826FFEEEB0084B6DE /* Products */ = {
			isa = PBXGroup;
			children = (
				9918467726FFEEEB0084B6DE /* secondComplex */,
			);
			name = Products;
			sourceTree = "<group>";
		};
		9918467926FFEEEB0084B6DE /* secondComplex */ = {
			isa = PBXGroup;
			children = (
				9918467A26FFEEEB0084B6DE /* main.cpp */,
				9918468226FFEF0D0084B6DE /* ComplexArray */,
				9918468126FFEEF80084B6DE /* ComplexNumber */,
			);
			path = secondComplex;
			sourceTree = "<group>";
		};
		9918468126FFEEF80084B6DE /* ComplexNumber */ = {
			isa = PBXGroup;
			children = (
				9918468326FFEF380084B6DE /* complexNumber.cpp */,
				9918468426FFEF380084B6DE /* complexNumber.hpp */,
			);
			path = ComplexNumber;
			sourceTree = "<group>";
		};
		9918468226FFEF0D0084B6DE /* ComplexArray */ = {
			isa = PBXGroup;
			children = (
				9918468626FFEF570084B6DE /* complexArray.cpp */,
				9918468726FFEF570084B6DE /* complexArray.hpp */,
			);
			path = ComplexArray;
			sourceTree = "<group>";
		};
/* End PBXGroup section */

/* Begin PBXNativeTarget section */
		9918467626FFEEEB0084B6DE /* secondComplex */ = {
			isa = PBXNativeTarget;
			buildConfigurationList = 9918467E26FFEEEB0084B6DE /* Build configuration list for PBXNativeTarget "secondComplex" */;
			buildPhases = (
				9918467326FFEEEB0084B6DE /* Sources */,
				9918467426FFEEEB0084B6DE /* Frameworks */,
				9918467526FFEEEB0084B6DE /* CopyFiles */,
			);
			buildRules = (
			);
			dependencies = (
			);
			name = secondComplex;
			productName = secondComplex;
			productReference = 9918467726FFEEEB0084B6DE /* secondComplex */;
			productType = "com.apple.product-type.tool";
		};
/* End PBXNativeTarget section */

/* Begin PBXProject section */
		9918466F26FFEEEB0084B6DE /* Project object */ = {
			isa = PBXProject;
			attributes = {
				LastUpgradeCheck = 1250;
				TargetAttributes = {
					9918467626FFEEEB0084B6DE = {
						CreatedOnToolsVersion = 12.5.1;
					};
				};
			};
			buildConfigurationList = 9918467226FFEEEB0084B6DE /* Build configuration list for PBXProject "secondComplex" */;
			compatibilityVersion = "Xcode 9.3";
			developmentRegion = en;
			hasScannedForEncodings = 0;
			knownRegions = (
				en,
				Base,
			);
			mainGroup = 9918466E26FFEEEB0084B6DE;
			productRefGroup = 9918467826FFEEEB0084B6DE /* Products */;
			projectDirPath = "";
			projectRoot = "";
			targets = (
				9918467626FFEEEB0084B6DE /* secondComplex */,
			);
		};
/* End PBXProject section */

/* Begin PBXSourcesBuildPhase section */
		9918467326FFEEEB0084B6DE /* Sources */ = {
			isa = PBXSourcesBuildPhase;
			buildActionMask = 2147483647;
			files = (
				9918468826FFEF570084B6DE /* complexArray.cpp in Sources */,
				9918467B26FFEEEB0084B6DE /* main.cpp in Sources */,
				9918468526FFEF380084B6DE /* complexNumber.cpp in Sources */,
			);
			runOnlyForDeploymentPostprocessing = 0;
		};
/* End PBXSourcesBuildPhase section */

/* Begin XCBuildConfiguration section */
		9918467C26FFEEEB0084B6DE /* Debug */ = {
			isa = XCBuildConfiguration;
			buildSettings = {
				ALWAYS_SEARCH_USER_PATHS = NO;
				CLANG_ANALYZER_NONNULL = YES;
				CLANG_ANALYZER_NUMBER_OBJECT_CONVERSION = YES_AGGRESSIVE;
				CLANG_CXX_LANGUAGE_STANDARD = "gnu++14";
				CLANG_CXX_LIBRARY = "libc++";
				CLANG_ENABLE_MODULES = YES;
				CLANG_ENABLE_OBJC_ARC = YES;
				CLANG_ENABLE_OBJC_WEAK = YES;
				CLANG_WARN_BLOCK_CAPTURE_AUTORELEASING = YES;
				CLANG_WARN_BOOL_CONVERSION = YES;
				CLANG_WARN_COMMA = YES;
				CLANG_WARN_CONSTANT_CONVERSION = YES;
				CLANG_WARN_DEPRECATED_OBJC_IMPLEMENTATIONS = YES;
				CLANG_WARN_DIRECT_OBJC_ISA_USAGE = YES_ERROR;
				CLANG_WARN_DOCUMENTATION_COMMENTS = YES;
				CLANG_WARN_EMPTY_BODY = YES;
				CLANG_WARN_ENUM_CONVERSION = YES;
				CLANG_WARN_INFINITE_RECURSION = YES;
				CLANG_WARN_INT_CONVERSION = YES;
				CLANG_WARN_NON_LITERAL_NULL_CONVERSION = YES;
				CLANG_WARN_OBJC_IMPLICIT_RETAIN_SELF = YES;
				CLANG_WARN_OBJC_LITERAL_CONVERSION = YES;
				CLANG_WARN_OBJC_ROOT_CLASS = YES_ERROR;
				CLANG_WARN_QUOTED_INCLUDE_IN_FRAMEWORK_HEADER = YES;
				CLANG_WARN_RANGE_LOOP_ANALYSIS = YES;
				CLANG_WARN_STRICT_PROTOTYPES = YES;
				CLANG_WARN_SUSPICIOUS_MOVE = YES;
				CLANG_WARN_UNGUARDED_AVAILABILITY = YES_AGGRESSIVE;
				CLANG_WARN_UNREACHABLE_CODE = YES;
				CLANG_WARN__DUPLICATE_METHOD_MATCH = YES;
				COPY_PHASE_STRIP = NO;
				DEBUG_INFORMATION_FORMAT = dwarf;
				ENABLE_STRICT_OBJC_MSGSEND = YES;
				ENABLE_TESTABILITY = YES;
				GCC_C_LANGUAGE_STANDARD = gnu11;
				GCC_DYNAMIC_NO_PIC = NO;
				GCC_NO_COMMON_BLOCKS = YES;
				GCC_OPTIMIZATION_LEVEL = 0;
				GCC_PREPROCESSOR_DEFINITIONS = (
					"DEBUG=1",
					"$(inherited)",
				);
				GCC_WARN_64_TO_32_BIT_CONVERSION = YES;
				GCC_WARN_ABOUT_RETURN_TYPE = YES_ERROR;
				GCC_WARN_UNDECLARED_SELECTOR = YES;
				GCC_WARN_UNINITIALIZED_AUTOS = YES_AGGRESSIVE;
				GCC_WARN_UNUSED_FUNCTION = YES;
				GCC_WARN_UNUSED_VARIABLE = YES;
				MACOSX_DEPLOYMENT_TARGET = 11.3;
				MTL_ENABLE_DEBUG_INFO = INCLUDE_SOURCE;
				MTL_FAST_MATH = YES;
				ONLY_ACTIVE_ARCH = YES;
				SDKROOT = macosx;
			};
			name = Debug;
		};
		9918467D26FFEEEB0084B6DE /* Release */ = {
			isa = XCBuildConfiguration;
			buildSettings = {
				ALWAYS_SEARCH_USER_PATHS = NO;
				CLANG_ANALYZER_NONNULL = YES;
				CLANG_ANALYZER_NUMBER_OBJECT_CONVERSION = YES_AGGRESSIVE;
				CLANG_CXX_LANGUAGE_STANDARD = "gnu++14";
				CLANG_CXX_LIBRARY = "libc++";
				CLANG_ENABLE_MODULES = YES;
				CLANG_ENABLE_OBJC_ARC = YES;
				CLANG_ENABLE_OBJC_WEAK = YES;
				CLANG_WARN_BLOCK_CAPTURE_AUTORELEASING = YES;
				CLANG_WARN_BOOL_CONVERSION = YES;
				CLANG_WARN_COMMA = YES;
				CLANG_WARN_CONSTANT_CONVERSION = YES;
				CLANG_WARN_DEPRECATED_OBJC_IMPLEMENTATIONS = YES;
				CLANG_WARN_DIRECT_OBJC_ISA_USAGE = YES_ERROR;
				CLANG_WARN_DOCUMENTATION_COMMENTS = YES;
				CLANG_WARN_EMPTY_BODY = YES;
				CLANG_WARN_ENUM_CONVERSION = YES;
				CLANG_WARN_INFINITE_RECURSION = YES;
				CLANG_WARN_INT_CONVERSION = YES;
				CLANG_WARN_NON_LITERAL_NULL_CONVERSION = YES;
				CLANG_WARN_OBJC_IMPLICIT_RETAIN_SELF = YES;
				CLANG_WARN_OBJC_LITERAL_CONVERSION = YES;
				CLANG_WARN_OBJC_ROOT_CLASS = YES_ERROR;
				CLANG_WARN_QUOTED_INCLUDE_IN_FRAMEWORK_HEADER = YES;
				CLANG_WARN_RANGE_LOOP_ANALYSIS = YES;
				CLANG_WARN_STRICT_PROTOTYPES = YES;
				CLANG_WARN_SUSPICIOUS_MOVE = YES;
				CLANG_WARN_UNGUARDED_AVAILABILITY = YES_AGGRESSIVE;
				CLANG_WARN_UNREACHABLE_CODE = YES;
				CLANG_WARN__DUPLICATE_METHOD_MATCH = YES;
				COPY_PHASE_STRIP = NO;
				DEBUG_INFORMATION_FORMAT = "dwarf-with-dsym";
				ENABLE_NS_ASSERTIONS = NO;
				ENABLE_STRICT_OBJC_MSGSEND = YES;
				GCC_C_LANGUAGE_STANDARD = gnu11;
				GCC_NO_COMMON_BLOCKS = YES;
				GCC_WARN_64_TO_32_BIT_CONVERSION = YES;
				GCC_WARN_ABOUT_RETURN_TYPE = YES_ERROR;
				GCC_WARN_UNDECLARED_SELECTOR = YES;
				GCC_WARN_UNINITIALIZED_AUTOS = YES_AGGRESSIVE;
				GCC_WARN_UNUSED_FUNCTION = YES;
				GCC_WARN_UNUSED_VARIABLE = YES;
				MACOSX_DEPLOYMENT_TARGET = 11.3;
				MTL_ENABLE_DEBUG_INFO = NO;
				MTL_FAST_MATH = YES;
				SDKROOT = macosx;
			};
			name = Release;
		};
		9918467F26FFEEEB0084B6DE /* Debug */ = {
			isa = XCBuildConfiguration;
			buildSettings = {
				CODE_SIGN_STYLE = Automatic;
				DEVELOPMENT_TEAM = 6HR9B72DS2;
				ENABLE_HARDENED_RUNTIME = YES;
				PRODUCT_NAME = "$(TARGET_NAME)";
			};
			name = Debug;
		};
		9918468026FFEEEB0084B6DE /* Release */ = {
			isa = XCBuildConfiguration;
			buildSettings = {
				CODE_SIGN_STYLE = Automatic;
				DEVELOPMENT_TEAM = 6HR9B72DS2;
				ENABLE_HARDENED_RUNTIME = YES;
				PRODUCT_NAME = "$(TARGET_NAME)";
			};
			name = Release;
		};
/* End XCBuildConfiguration section */

/* Begin XCConfigurationList section */
		9918467226FFEEEB0084B6DE /* Build configuration list for PBXProject "secondComplex" */ = {
			isa = XCConfigurationList;
			buildConfigurations = (
				9918467C26FFEEEB0084B6DE /* Debug */,
				9918467D26FFEEEB0084B6DE /* Release */,
			);
			defaultConfigurationIsVisible = 0;
			defaultConfigurationName = Release;
		};
		9918467E26FFEEEB0084B6DE /* Build configuration list for PBXNativeTarget "secondComplex" */ = {
			isa = XCConfigurationList;
			buildConfigurations = (
				9918467F26FFEEEB0084B6DE /* Debug */,
				9918468026FFEEEB0084B6DE /* Release */,
			);
			defaultConfigurationIsVisible = 0;
			defaultConfigurationName = Release;
		};
/* End XCConfigurationList section */
	};
	rootObject = 9918466F26FFEEEB0084B6DE /* Project object */;
}
